
Microsoft Visual Studio Solution File, Format Version 12.00
# Visual Studio Version 17
VisualStudioVersion = 17.13.35931.197
MinimumVisualStudioVersion = 10.0.40219.1
Project("{FAE04EC0-301F-11D3-BF4B-00C04F79EFBC}") = "Task1.Lesson1", "Lesson1.Task1\Task1.Lesson1.csproj", "{788E5F83-40A1-4328-BC6F-62158AAE97BD}"
EndProject
Project("{2150E333-8FDC-42A3-9474-1A3956D46DE8}") = "Lesson1", "Lesson1", "{36D591C7-65C7-A0D1-1CBC-10CDE441BDC8}"
EndProject
Project("{FAE04EC0-301F-11D3-BF4B-00C04F79EFBC}") = "Task2.Lesson1", "Lesson1.Task2\Task2.Lesson1.csproj", "{4FA2F467-EFAE-4A7B-BD9E-01ADA2BE383B}"
EndProject
Project("{FAE04EC0-301F-11D3-BF4B-00C04F79EFBC}") = "Task3.Lesson1", "Lesson1.Task3\Task3.Lesson1.csproj", "{E68EAEFB-59F7-4DF8-964E-FB36FB13A185}"
EndProject
Project("{FAE04EC0-301F-11D3-BF4B-00C04F79EFBC}") = "Task4.Lesson1", "Lesson1.Task4\Task4.Lesson1.csproj", "{A0895E0D-812B-4D46-8032-BEF7B60C6FE6}"
EndProject
Project("{FAE04EC0-301F-11D3-BF4B-00C04F79EFBC}") = "Task6.Lesson1", "Lesson1.Task6\Task6.Lesson1.csproj", "{78D16BD9-6E75-4AEA-89BA-1661C6EE1042}"
EndProject
Project("{FAE04EC0-301F-11D3-BF4B-00C04F79EFBC}") = "Task5.Lesson1", "Lesson1.Task5\Task5.Lesson1.csproj", "{1D53987B-DE1C-45F7-8A4E-56F9A50289A3}"
EndProject
Project("{FAE04EC0-301F-11D3-BF4B-00C04F79EFBC}") = "Task7.Lesson1", "Lesson1.Task7\Task7.Lesson1.csproj", "{6C6B5F5D-A7A2-4F53-B465-B8EA9C79505D}"
EndProject
Global
	GlobalSection(SolutionConfigurationPlatforms) = preSolution
		Debug|Any CPU = Debug|Any CPU
		Release|Any CPU = Release|Any CPU
	EndGlobalSection
	GlobalSection(ProjectConfigurationPlatforms) = postSolution
		{788E5F83-40A1-4328-BC6F-62158AAE97BD}.Debug|Any CPU.ActiveCfg = Debug|Any CPU
		{788E5F83-40A1-4328-BC6F-62158AAE97BD}.Debug|Any CPU.Build.0 = Debug|Any CPU
		{788E5F83-40A1-4328-BC6F-62158AAE97BD}.Release|Any CPU.ActiveCfg = Release|Any CPU
		{788E5F83-40A1-4328-BC6F-62158AAE97BD}.Release|Any CPU.Build.0 = Release|Any CPU
		{4FA2F467-EFAE-4A7B-BD9E-01ADA2BE383B}.Debug|Any CPU.ActiveCfg = Debug|Any CPU
		{4FA2F467-EFAE-4A7B-BD9E-01ADA2BE383B}.Debug|Any CPU.Build.0 = Debug|Any CPU
		{4FA2F467-EFAE-4A7B-BD9E-01ADA2BE383B}.Release|Any CPU.ActiveCfg = Release|Any CPU
		{4FA2F467-EFAE-4A7B-BD9E-01ADA2BE383B}.Release|Any CPU.Build.0 = Release|Any CPU
		{E68EAEFB-59F7-4DF8-964E-FB36FB13A185}.Debug|Any CPU.ActiveCfg = Debug|Any CPU
		{E68EAEFB-59F7-4DF8-964E-FB36FB13A185}.Debug|Any CPU.Build.0 = Debug|Any CPU
		{E68EAEFB-59F7-4DF8-964E-FB36FB13A185}.Release|Any CPU.ActiveCfg = Release|Any CPU
		{E68EAEFB-59F7-4DF8-964E-FB36FB13A185}.Release|Any CPU.Build.0 = Release|Any CPU
		{A0895E0D-812B-4D46-8032-BEF7B60C6FE6}.Debug|Any CPU.ActiveCfg = Debug|Any CPU
		{A0895E0D-812B-4D46-8032-BEF7B60C6FE6}.Debug|Any CPU.Build.0 = Debug|Any CPU
		{A0895E0D-812B-4D46-8032-BEF7B60C6FE6}.Release|Any CPU.ActiveCfg = Release|Any CPU
		{A0895E0D-812B-4D46-8032-BEF7B60C6FE6}.Release|Any CPU.Build.0 = Release|Any CPU
		{78D16BD9-6E75-4AEA-89BA-1661C6EE1042}.Debug|Any CPU.ActiveCfg = Debug|Any CPU
		{78D16BD9-6E75-4AEA-89BA-1661C6EE1042}.Debug|Any CPU.Build.0 = Debug|Any CPU
		{78D16BD9-6E75-4AEA-89BA-1661C6EE1042}.Release|Any CPU.ActiveCfg = Release|Any CPU
		{78D16BD9-6E75-4AEA-89BA-1661C6EE1042}.Release|Any CPU.Build.0 = Release|Any CPU
		{1D53987B-DE1C-45F7-8A4E-56F9A50289A3}.Debug|Any CPU.ActiveCfg = Debug|Any CPU
		{1D53987B-DE1C-45F7-8A4E-56F9A50289A3}.Debug|Any CPU.Build.0 = Debug|Any CPU
		{1D53987B-DE1C-45F7-8A4E-56F9A50289A3}.Release|Any CPU.ActiveCfg = Release|Any CPU
		{1D53987B-DE1C-45F7-8A4E-56F9A50289A3}.Release|Any CPU.Build.0 = Release|Any CPU
		{6C6B5F5D-A7A2-4F53-B465-B8EA9C79505D}.Debug|Any CPU.ActiveCfg = Debug|Any CPU
		{6C6B5F5D-A7A2-4F53-B465-B8EA9C79505D}.Debug|Any CPU.Build.0 = Debug|Any CPU
		{6C6B5F5D-A7A2-4F53-B465-B8EA9C79505D}.Release|Any CPU.ActiveCfg = Release|Any CPU
		{6C6B5F5D-A7A2-4F53-B465-B8EA9C79505D}.Release|Any CPU.Build.0 = Release|Any CPU
	EndGlobalSection
	GlobalSection(SolutionProperties) = preSolution
		HideSolutionNode = FALSE
	EndGlobalSection
	GlobalSection(NestedProjects) = preSolution
		{788E5F83-40A1-4328-BC6F-62158AAE97BD} = {36D591C7-65C7-A0D1-1CBC-10CDE441BDC8}
		{4FA2F467-EFAE-4A7B-BD9E-01ADA2BE383B} = {36D591C7-65C7-A0D1-1CBC-10CDE441BDC8}
		{E68EAEFB-59F7-4DF8-964E-FB36FB13A185} = {36D591C7-65C7-A0D1-1CBC-10CDE441BDC8}
		{A0895E0D-812B-4D46-8032-BEF7B60C6FE6} = {36D591C7-65C7-A0D1-1CBC-10CDE441BDC8}
		{78D16BD9-6E75-4AEA-89BA-1661C6EE1042} = {36D591C7-65C7-A0D1-1CBC-10CDE441BDC8}
		{1D53987B-DE1C-45F7-8A4E-56F9A50289A3} = {36D591C7-65C7-A0D1-1CBC-10CDE441BDC8}
		{6C6B5F5D-A7A2-4F53-B465-B8EA9C79505D} = {36D591C7-65C7-A0D1-1CBC-10CDE441BDC8}
	EndGlobalSection
	GlobalSection(ExtensibilityGlobals) = postSolution
		SolutionGuid = {F4C464C8-B0BA-4601-9CCE-3CC9D4CBD20B}
	EndGlobalSection
EndGlobal
